{
  "version": 4,
  "terraform_version": "1.8.1",
  "serial": 249,
  "lineage": "0466ddae-c923-8f77-0ac4-1cb73959dccc",
  "outputs": {
    "resource_group_name": {
      "value": "aabeckAzureIA",
      "type": "string"
    }
  },
  "resources": [
    {
      "mode": "data",
      "type": "azuread_service_principal",
      "name": "aabeck01",
      "provider": "provider[\"registry.terraform.io/hashicorp/azuread\"]",
      "instances": [
        {
          "schema_version": 0,
          "attributes": {
            "account_enabled": true,
            "alternative_names": [],
            "app_role_assignment_required": false,
            "app_role_ids": {},
            "app_roles": [],
            "application_id": "0736f41a-0425-4b46-bdb5-1563eff02385",
            "application_tenant_id": "f8cdef31-a31e-4b4a-93e4-5f571e91255a",
            "client_id": "0736f41a-0425-4b46-bdb5-1563eff02385",
            "description": "",
            "display_name": "Azure Machine Learning",
            "feature_tags": [
              {
                "custom_single_sign_on": false,
                "enterprise": false,
                "gallery": false,
                "hide": false
              }
            ],
            "features": [
              {
                "custom_single_sign_on_app": false,
                "enterprise_application": false,
                "gallery_application": false,
                "visible_to_users": true
              }
            ],
            "homepage_url": "",
            "id": "3296b103-2031-433d-8120-de843e835b6f",
            "login_url": "",
            "logout_url": "",
            "notes": "",
            "notification_email_addresses": [],
            "oauth2_permission_scope_ids": {},
            "oauth2_permission_scopes": [],
            "object_id": "3296b103-2031-433d-8120-de843e835b6f",
            "preferred_single_sign_on_mode": "",
            "redirect_uris": [
              "https://login.azureml.net/response.aspx",
              "https://login.azureml.net",
              "https://asiasoutheast.login.azureml.net",
              "https://europewest.login.azureml.net",
              "https://europewest.login.azureml.net/response.aspx",
              "https://asiasoutheast.login.azureml.net/response.aspx",
              "https://services.azureml.net",
              "https://officeapps.azureml.net",
              "https://japaneast.login.azureml.net/response.aspx",
              "https://uscentraleuap.login.azureml.net/response.aspx",
              "https://uswestcentral.login.azureml.net/response.aspx",
              "https://passausts-extended.eastus2.cloudapp.azure.com/response.aspx"
            ],
            "saml_metadata_url": "",
            "saml_single_sign_on": [],
            "service_principal_names": [
              "https://login.azureml.net/response.aspx"
            ],
            "sign_in_audience": "AzureADMultipleOrgs",
            "tags": [],
            "timeouts": null,
            "type": "Application"
          },
          "sensitive_attributes": []
        }
      ]
    },
    {
      "mode": "data",
      "type": "azurerm_client_config",
      "name": "current",
      "provider": "provider[\"registry.terraform.io/hashicorp/azurerm\"]",
      "instances": [
        {
          "schema_version": 0,
          "attributes": {
            "client_id": "04b07795-8ddb-461a-bbee-02f9e1bf7b46",
            "id": "Y2xpZW50Q29uZmlncy9jbGllbnRJZD0wNGIwNzc5NS04ZGRiLTQ2MWEtYmJlZS0wMmY5ZTFiZjdiNDY7b2JqZWN0SWQ9MDJmYjE1NjEtODFhNi00ZjhlLTg5YWEtODY2OGVkYmE3MTliO3N1YnNjcmlwdGlvbklkPTc4NWM2YjY0LTZlYWYtNGI0Yi05YjRiLTRiZTIzZDZiNDEyZjt0ZW5hbnRJZD03ODI5Mjc0MS1hODMyLTQ1OWEtYWMyNS04ZTg5NmUyNGE4NmM=",
            "object_id": "02fb1561-81a6-4f8e-89aa-8668edba719b",
            "subscription_id": "785c6b64-6eaf-4b4b-9b4b-4be23d6b412f",
            "tenant_id": "78292741-a832-459a-ac25-8e896e24a86c",
            "timeouts": null
          },
          "sensitive_attributes": []
        }
      ]
    },
    {
      "mode": "managed",
      "type": "azurerm_application_insights",
      "name": "aabeck01",
      "provider": "provider[\"registry.terraform.io/hashicorp/azurerm\"]",
      "instances": [
        {
          "schema_version": 2,
          "attributes": {
            "app_id": "f90829e1-e85b-46c6-8398-ce7ecfdb58f2",
            "application_type": "web",
            "connection_string": "InstrumentationKey=370b2e38-1491-4683-bc87-854ee5d36b93;IngestionEndpoint=https://eastus-5.in.applicationinsights.azure.com/;LiveEndpoint=https://eastus.livediagnostics.monitor.azure.com/;ApplicationId=f90829e1-e85b-46c6-8398-ce7ecfdb58f2",
            "daily_data_cap_in_gb": 100,
            "daily_data_cap_notifications_disabled": false,
            "disable_ip_masking": false,
            "force_customer_storage_for_profiler": false,
            "id": "/subscriptions/785c6b64-6eaf-4b4b-9b4b-4be23d6b412f/resourceGroups/aabeckAzureIA/providers/Microsoft.Insights/components/mlwspaceaabeckai09",
            "instrumentation_key": "370b2e38-1491-4683-bc87-854ee5d36b93",
            "internet_ingestion_enabled": true,
            "internet_query_enabled": true,
            "local_authentication_disabled": false,
            "location": "eastus",
            "name": "mlwspaceaabeckai09",
            "resource_group_name": "aabeckAzureIA",
            "retention_in_days": 90,
            "sampling_percentage": 100,
            "tags": {
              "Environment": "development"
            },
            "timeouts": null,
            "workspace_id": ""
          },
          "sensitive_attributes": [
            [
              {
                "type": "get_attr",
                "value": "connection_string"
              }
            ],
            [
              {
                "type": "get_attr",
                "value": "instrumentation_key"
              }
            ]
          ],
          "private": "eyJlMmJmYjczMC1lY2FhLTExZTYtOGY4OC0zNDM2M2JjN2M0YzAiOnsiY3JlYXRlIjozNjAwMDAwMDAwMDAwLCJkZWxldGUiOjE4MDAwMDAwMDAwMDAsInJlYWQiOjMwMDAwMDAwMDAwMCwidXBkYXRlIjoxODAwMDAwMDAwMDAwfSwic2NoZW1hX3ZlcnNpb24iOiIyIn0="
        }
      ]
    },
    {
      "mode": "managed",
      "type": "azurerm_container_registry",
      "name": "aabeck01",
      "provider": "provider[\"registry.terraform.io/hashicorp/azurerm\"]",
      "instances": [
        {
          "schema_version": 2,
          "attributes": {
            "admin_enabled": true,
            "admin_password": "hb1sSvUBRRhUQc5+uLEFsHmFdPbA+h74CgGGEqVHEd+ACRD2Rf5f",
            "admin_username": "mlsspaceaabeckcr09",
            "anonymous_pull_enabled": false,
            "data_endpoint_enabled": false,
            "encryption": [
              {
                "enabled": false,
                "identity_client_id": "",
                "key_vault_key_id": ""
              }
            ],
            "export_policy_enabled": true,
            "georeplications": [],
            "id": "/subscriptions/785c6b64-6eaf-4b4b-9b4b-4be23d6b412f/resourceGroups/aabeckAzureIA/providers/Microsoft.ContainerRegistry/registries/mlsspaceaabeckcr09",
            "identity": [],
            "location": "eastus",
            "login_server": "mlsspaceaabeckcr09.azurecr.io",
            "name": "mlsspaceaabeckcr09",
            "network_rule_bypass_option": "AzureServices",
            "network_rule_set": [
              {
                "default_action": "Allow",
                "ip_rule": [],
                "virtual_network": []
              }
            ],
            "public_network_access_enabled": true,
            "quarantine_policy_enabled": false,
            "resource_group_name": "aabeckAzureIA",
            "retention_policy": [
              {
                "days": 7,
                "enabled": false
              }
            ],
            "sku": "Premium",
            "tags": {
              "Environment": "development"
            },
            "timeouts": null,
            "trust_policy": [
              {
                "enabled": false
              }
            ],
            "zone_redundancy_enabled": false
          },
          "sensitive_attributes": [
            [
              {
                "type": "get_attr",
                "value": "admin_password"
              }
            ]
          ],
          "private": "eyJlMmJmYjczMC1lY2FhLTExZTYtOGY4OC0zNDM2M2JjN2M0YzAiOnsiY3JlYXRlIjoxODAwMDAwMDAwMDAwLCJkZWxldGUiOjE4MDAwMDAwMDAwMDAsInJlYWQiOjMwMDAwMDAwMDAwMCwidXBkYXRlIjoxODAwMDAwMDAwMDAwfSwic2NoZW1hX3ZlcnNpb24iOiIyIn0="
        }
      ]
    },
    {
      "mode": "managed",
      "type": "azurerm_key_vault",
      "name": "aabeck01",
      "provider": "provider[\"registry.terraform.io/hashicorp/azurerm\"]",
      "instances": [
        {
          "schema_version": 2,
          "attributes": {
            "access_policy": [],
            "contact": [],
            "enable_rbac_authorization": false,
            "enabled_for_deployment": false,
            "enabled_for_disk_encryption": false,
            "enabled_for_template_deployment": false,
            "id": "/subscriptions/785c6b64-6eaf-4b4b-9b4b-4be23d6b412f/resourceGroups/aabeckAzureIA/providers/Microsoft.KeyVault/vaults/mlwspaceaabeckkv09",
            "location": "eastus",
            "name": "mlwspaceaabeckkv09",
            "network_acls": [
              {
                "bypass": "AzureServices",
                "default_action": "Allow",
                "ip_rules": [],
                "virtual_network_subnet_ids": []
              }
            ],
            "public_network_access_enabled": true,
            "purge_protection_enabled": false,
            "resource_group_name": "aabeckAzureIA",
            "sku_name": "standard",
            "soft_delete_retention_days": 90,
            "tags": {
              "Environment": "development"
            },
            "tenant_id": "78292741-a832-459a-ac25-8e896e24a86c",
            "timeouts": null,
            "vault_uri": "https://mlwspaceaabeckkv09.vault.azure.net/"
          },
          "sensitive_attributes": [],
          "private": "eyJlMmJmYjczMC1lY2FhLTExZTYtOGY4OC0zNDM2M2JjN2M0YzAiOnsiY3JlYXRlIjoxODAwMDAwMDAwMDAwLCJkZWxldGUiOjE4MDAwMDAwMDAwMDAsInJlYWQiOjMwMDAwMDAwMDAwMCwidXBkYXRlIjoxODAwMDAwMDAwMDAwfSwic2NoZW1hX3ZlcnNpb24iOiIyIn0=",
          "dependencies": [
            "data.azurerm_client_config.current"
          ]
        }
      ]
    },
    {
      "mode": "managed",
      "type": "azurerm_key_vault_access_policy",
      "name": "aabeck01-app",
      "provider": "provider[\"registry.terraform.io/hashicorp/azurerm\"]",
      "instances": [
        {
          "schema_version": 0,
          "attributes": {
            "application_id": null,
            "certificate_permissions": null,
            "id": "/subscriptions/785c6b64-6eaf-4b4b-9b4b-4be23d6b412f/resourceGroups/aabeckAzureIA/providers/Microsoft.KeyVault/vaults/mlwspaceaabeckkv09/objectId/3296b103-2031-433d-8120-de843e835b6f",
            "key_permissions": [
              "Get",
              "Recover",
              "UnwrapKey",
              "WrapKey"
            ],
            "key_vault_id": "/subscriptions/785c6b64-6eaf-4b4b-9b4b-4be23d6b412f/resourceGroups/aabeckAzureIA/providers/Microsoft.KeyVault/vaults/mlwspaceaabeckkv09",
            "object_id": "3296b103-2031-433d-8120-de843e835b6f",
            "secret_permissions": null,
            "storage_permissions": null,
            "tenant_id": "78292741-a832-459a-ac25-8e896e24a86c",
            "timeouts": null
          },
          "sensitive_attributes": [],
          "private": "eyJlMmJmYjczMC1lY2FhLTExZTYtOGY4OC0zNDM2M2JjN2M0YzAiOnsiY3JlYXRlIjoxODAwMDAwMDAwMDAwLCJkZWxldGUiOjE4MDAwMDAwMDAwMDAsInJlYWQiOjMwMDAwMDAwMDAwMCwidXBkYXRlIjoxODAwMDAwMDAwMDAwfX0=",
          "dependencies": [
            "azurerm_key_vault.aabeck01",
            "data.azuread_service_principal.aabeck01",
            "data.azurerm_client_config.current"
          ]
        }
      ]
    },
    {
      "mode": "managed",
      "type": "azurerm_key_vault_access_policy",
      "name": "aabeck01-identity",
      "provider": "provider[\"registry.terraform.io/hashicorp/azurerm\"]",
      "instances": [
        {
          "schema_version": 0,
          "attributes": {
            "application_id": null,
            "certificate_permissions": null,
            "id": "/subscriptions/785c6b64-6eaf-4b4b-9b4b-4be23d6b412f/resourceGroups/aabeckAzureIA/providers/Microsoft.KeyVault/vaults/mlwspaceaabeckkv09/objectId/b047c4de-4d94-4796-bcb6-64efd195dbeb",
            "key_permissions": [
              "Get",
              "WrapKey",
              "UnwrapKey",
              "Create",
              "Recover",
              "Delete",
              "Purge",
              "GetRotationPolicy"
            ],
            "key_vault_id": "/subscriptions/785c6b64-6eaf-4b4b-9b4b-4be23d6b412f/resourceGroups/aabeckAzureIA/providers/Microsoft.KeyVault/vaults/mlwspaceaabeckkv09",
            "object_id": "b047c4de-4d94-4796-bcb6-64efd195dbeb",
            "secret_permissions": [
              "Get",
              "List",
              "Set",
              "Delete",
              "Recover",
              "Backup",
              "Restore"
            ],
            "storage_permissions": null,
            "tenant_id": "78292741-a832-459a-ac25-8e896e24a86c",
            "timeouts": null
          },
          "sensitive_attributes": [],
          "private": "eyJlMmJmYjczMC1lY2FhLTExZTYtOGY4OC0zNDM2M2JjN2M0YzAiOnsiY3JlYXRlIjoxODAwMDAwMDAwMDAwLCJkZWxldGUiOjE4MDAwMDAwMDAwMDAsInJlYWQiOjMwMDAwMDAwMDAwMCwidXBkYXRlIjoxODAwMDAwMDAwMDAwfX0=",
          "dependencies": [
            "azurerm_key_vault.aabeck01",
            "azurerm_user_assigned_identity.aabeck01",
            "data.azurerm_client_config.current"
          ]
        }
      ]
    },
    {
      "mode": "managed",
      "type": "azurerm_key_vault_access_policy",
      "name": "aabeck01-tenant",
      "provider": "provider[\"registry.terraform.io/hashicorp/azurerm\"]",
      "instances": [
        {
          "schema_version": 0,
          "attributes": {
            "application_id": null,
            "certificate_permissions": null,
            "id": "/subscriptions/785c6b64-6eaf-4b4b-9b4b-4be23d6b412f/resourceGroups/aabeckAzureIA/providers/Microsoft.KeyVault/vaults/mlwspaceaabeckkv09/objectId/02fb1561-81a6-4f8e-89aa-8668edba719b",
            "key_permissions": [
              "Get",
              "Create",
              "Recover",
              "Delete",
              "Purge",
              "GetRotationPolicy"
            ],
            "key_vault_id": "/subscriptions/785c6b64-6eaf-4b4b-9b4b-4be23d6b412f/resourceGroups/aabeckAzureIA/providers/Microsoft.KeyVault/vaults/mlwspaceaabeckkv09",
            "object_id": "02fb1561-81a6-4f8e-89aa-8668edba719b",
            "secret_permissions": null,
            "storage_permissions": null,
            "tenant_id": "78292741-a832-459a-ac25-8e896e24a86c",
            "timeouts": null
          },
          "sensitive_attributes": [],
          "private": "eyJlMmJmYjczMC1lY2FhLTExZTYtOGY4OC0zNDM2M2JjN2M0YzAiOnsiY3JlYXRlIjoxODAwMDAwMDAwMDAwLCJkZWxldGUiOjE4MDAwMDAwMDAwMDAsInJlYWQiOjMwMDAwMDAwMDAwMCwidXBkYXRlIjoxODAwMDAwMDAwMDAwfX0=",
          "dependencies": [
            "azurerm_key_vault.aabeck01",
            "data.azurerm_client_config.current"
          ]
        }
      ]
    },
    {
      "mode": "managed",
      "type": "azurerm_machine_learning_workspace",
      "name": "aabeck01",
      "provider": "provider[\"registry.terraform.io/hashicorp/azurerm\"]",
      "instances": [
        {
          "schema_version": 0,
          "attributes": {
            "application_insights_id": "/subscriptions/785c6b64-6eaf-4b4b-9b4b-4be23d6b412f/resourceGroups/aabeckAzureIA/providers/Microsoft.Insights/components/mlwspaceaabeckai09",
            "container_registry_id": "/subscriptions/785c6b64-6eaf-4b4b-9b4b-4be23d6b412f/resourceGroups/aabeckAzureIA/providers/Microsoft.ContainerRegistry/registries/mlsspaceaabeckcr09",
            "description": "",
            "discovery_url": "https://eastus.api.azureml.ms/discovery",
            "encryption": [],
            "feature_store": [],
            "friendly_name": "",
            "high_business_impact": false,
            "id": "/subscriptions/785c6b64-6eaf-4b4b-9b4b-4be23d6b412f/resourceGroups/aabeckAzureIA/providers/Microsoft.MachineLearningServices/workspaces/mlwspaceaabeck09",
            "identity": [
              {
                "identity_ids": [
                  "/subscriptions/785c6b64-6eaf-4b4b-9b4b-4be23d6b412f/resourceGroups/aabeckAzureIA/providers/Microsoft.ManagedIdentity/userAssignedIdentities/aabeck-identity"
                ],
                "principal_id": "",
                "tenant_id": "78292741-a832-459a-ac25-8e896e24a86c",
                "type": "UserAssigned"
              }
            ],
            "image_build_compute_name": "",
            "key_vault_id": "/subscriptions/785c6b64-6eaf-4b4b-9b4b-4be23d6b412f/resourceGroups/aabeckAzureIA/providers/Microsoft.KeyVault/vaults/mlwspaceaabeckkv09",
            "kind": "Default",
            "location": "eastus",
            "managed_network": [
              {
                "isolation_mode": "Disabled"
              }
            ],
            "name": "mlwspaceaabeck09",
            "primary_user_assigned_identity": "/subscriptions/785c6b64-6eaf-4b4b-9b4b-4be23d6b412f/resourceGroups/aabeckAzureIA/providers/Microsoft.ManagedIdentity/userAssignedIdentities/aabeck-identity",
            "public_access_behind_virtual_network_enabled": false,
            "public_network_access_enabled": true,
            "resource_group_name": "aabeckAzureIA",
            "sku_name": "Basic",
            "storage_account_id": "/subscriptions/785c6b64-6eaf-4b4b-9b4b-4be23d6b412f/resourceGroups/aabeckAzureIA/providers/Microsoft.Storage/storageAccounts/mlwspaceaabecksa09",
            "tags": {
              "Environment": "development"
            },
            "timeouts": null,
            "v1_legacy_mode_enabled": false,
            "workspace_id": "4b4de7b1-4506-4a9b-9836-7d1c7d904e01"
          },
          "sensitive_attributes": [],
          "private": "eyJlMmJmYjczMC1lY2FhLTExZTYtOGY4OC0zNDM2M2JjN2M0YzAiOnsiY3JlYXRlIjoxODAwMDAwMDAwMDAwLCJkZWxldGUiOjE4MDAwMDAwMDAwMDAsInJlYWQiOjMwMDAwMDAwMDAwMCwidXBkYXRlIjoxODAwMDAwMDAwMDAwfX0=",
          "dependencies": [
            "azurerm_application_insights.aabeck01",
            "azurerm_container_registry.aabeck01",
            "azurerm_key_vault.aabeck01",
            "azurerm_monitor_action_group.aabeck01",
            "azurerm_role_assignment.aabeck01-role1",
            "azurerm_role_assignment.aabeck01-role2",
            "azurerm_role_assignment.aabeck01-role3",
            "azurerm_role_assignment.aabeck01-role4",
            "azurerm_role_assignment.aabeck01-role5",
            "azurerm_role_assignment.aabeck01-role6",
            "azurerm_role_assignment.aabeck01-role7",
            "azurerm_storage_account.aabeck01",
            "azurerm_user_assigned_identity.aabeck01",
            "data.azurerm_client_config.current"
          ]
        }
      ]
    },
    {
      "mode": "managed",
      "type": "azurerm_monitor_action_group",
      "name": "aabeck01",
      "provider": "provider[\"registry.terraform.io/hashicorp/azurerm\"]",
      "instances": [
        {
          "schema_version": 1,
          "attributes": {
            "arm_role_receiver": [
              {
                "name": "Monitoring Contributor",
                "role_id": "749f88d5-cbae-40b8-bcfc-e573ddc772fa",
                "use_common_alert_schema": true
              },
              {
                "name": "Monitoring Reader",
                "role_id": "43d0d8ad-25c7-4714-9337-8ba259a9fe05",
                "use_common_alert_schema": true
              }
            ],
            "automation_runbook_receiver": [],
            "azure_app_push_receiver": [],
            "azure_function_receiver": [],
            "email_receiver": [],
            "enabled": true,
            "event_hub_receiver": [],
            "id": "/subscriptions/785c6b64-6eaf-4b4b-9b4b-4be23d6b412f/resourceGroups/aabeckAzureIA/providers/Microsoft.Insights/actionGroups/Application Insights Smart Detection",
            "itsm_receiver": [],
            "location": "global",
            "logic_app_receiver": [],
            "name": "Application Insights Smart Detection",
            "resource_group_name": "aabeckAzureIA",
            "short_name": "SmartDetect",
            "sms_receiver": [],
            "tags": null,
            "timeouts": null,
            "voice_receiver": [],
            "webhook_receiver": []
          },
          "sensitive_attributes": [],
          "private": "eyJlMmJmYjczMC1lY2FhLTExZTYtOGY4OC0zNDM2M2JjN2M0YzAiOnsiY3JlYXRlIjoxODAwMDAwMDAwMDAwLCJkZWxldGUiOjE4MDAwMDAwMDAwMDAsInJlYWQiOjMwMDAwMDAwMDAwMCwidXBkYXRlIjoxODAwMDAwMDAwMDAwfSwic2NoZW1hX3ZlcnNpb24iOiIxIn0="
        }
      ]
    },
    {
      "mode": "managed",
      "type": "azurerm_role_assignment",
      "name": "aabeck01-role1",
      "provider": "provider[\"registry.terraform.io/hashicorp/azurerm\"]",
      "instances": [
        {
          "schema_version": 0,
          "attributes": {
            "condition": "",
            "condition_version": "",
            "delegated_managed_identity_resource_id": "",
            "description": "",
            "id": "/subscriptions/785c6b64-6eaf-4b4b-9b4b-4be23d6b412f/resourceGroups/aabeckAzureIA/providers/Microsoft.KeyVault/vaults/mlwspaceaabeckkv09/providers/Microsoft.Authorization/roleAssignments/c8bb0f54-1c32-0c8c-53cd-8c14897013a1",
            "name": "c8bb0f54-1c32-0c8c-53cd-8c14897013a1",
            "principal_id": "b047c4de-4d94-4796-bcb6-64efd195dbeb",
            "principal_type": "ServicePrincipal",
            "role_definition_id": "/subscriptions/785c6b64-6eaf-4b4b-9b4b-4be23d6b412f/providers/Microsoft.Authorization/roleDefinitions/b24988ac-6180-42a0-ab88-20f7382dd24c",
            "role_definition_name": "Contributor",
            "scope": "/subscriptions/785c6b64-6eaf-4b4b-9b4b-4be23d6b412f/resourceGroups/aabeckAzureIA/providers/Microsoft.KeyVault/vaults/mlwspaceaabeckkv09",
            "skip_service_principal_aad_check": null,
            "timeouts": null
          },
          "sensitive_attributes": [],
          "private": "eyJlMmJmYjczMC1lY2FhLTExZTYtOGY4OC0zNDM2M2JjN2M0YzAiOnsiY3JlYXRlIjoxODAwMDAwMDAwMDAwLCJkZWxldGUiOjE4MDAwMDAwMDAwMDAsInJlYWQiOjMwMDAwMDAwMDAwMH19",
          "dependencies": [
            "azurerm_key_vault.aabeck01",
            "azurerm_user_assigned_identity.aabeck01",
            "data.azurerm_client_config.current"
          ]
        }
      ]
    },
    {
      "mode": "managed",
      "type": "azurerm_role_assignment",
      "name": "aabeck01-role2",
      "provider": "provider[\"registry.terraform.io/hashicorp/azurerm\"]",
      "instances": [
        {
          "schema_version": 0,
          "attributes": {
            "condition": "",
            "condition_version": "",
            "delegated_managed_identity_resource_id": "",
            "description": "",
            "id": "/subscriptions/785c6b64-6eaf-4b4b-9b4b-4be23d6b412f/resourceGroups/aabeckAzureIA/providers/Microsoft.KeyVault/vaults/mlwspaceaabeckkv09/providers/Microsoft.Authorization/roleAssignments/33bc3da5-0509-5ad6-313b-2e5daae07a79",
            "name": "33bc3da5-0509-5ad6-313b-2e5daae07a79",
            "principal_id": "b047c4de-4d94-4796-bcb6-64efd195dbeb",
            "principal_type": "ServicePrincipal",
            "role_definition_id": "/subscriptions/785c6b64-6eaf-4b4b-9b4b-4be23d6b412f/providers/Microsoft.Authorization/roleDefinitions/00482a5a-887f-4fb3-b363-3b7fe8e74483",
            "role_definition_name": "Key Vault Administrator",
            "scope": "/subscriptions/785c6b64-6eaf-4b4b-9b4b-4be23d6b412f/resourceGroups/aabeckAzureIA/providers/Microsoft.KeyVault/vaults/mlwspaceaabeckkv09",
            "skip_service_principal_aad_check": null,
            "timeouts": null
          },
          "sensitive_attributes": [],
          "private": "eyJlMmJmYjczMC1lY2FhLTExZTYtOGY4OC0zNDM2M2JjN2M0YzAiOnsiY3JlYXRlIjoxODAwMDAwMDAwMDAwLCJkZWxldGUiOjE4MDAwMDAwMDAwMDAsInJlYWQiOjMwMDAwMDAwMDAwMH19",
          "dependencies": [
            "azurerm_key_vault.aabeck01",
            "azurerm_user_assigned_identity.aabeck01",
            "data.azurerm_client_config.current"
          ]
        }
      ]
    },
    {
      "mode": "managed",
      "type": "azurerm_role_assignment",
      "name": "aabeck01-role3",
      "provider": "provider[\"registry.terraform.io/hashicorp/azurerm\"]",
      "instances": [
        {
          "schema_version": 0,
          "attributes": {
            "condition": "",
            "condition_version": "",
            "delegated_managed_identity_resource_id": "",
            "description": "",
            "id": "/subscriptions/785c6b64-6eaf-4b4b-9b4b-4be23d6b412f/resourceGroups/aabeckAzureIA/providers/Microsoft.Storage/storageAccounts/mlwspaceaabecksa09/providers/Microsoft.Authorization/roleAssignments/a02183f1-b689-13ed-b3c9-17bd55426944",
            "name": "a02183f1-b689-13ed-b3c9-17bd55426944",
            "principal_id": "b047c4de-4d94-4796-bcb6-64efd195dbeb",
            "principal_type": "ServicePrincipal",
            "role_definition_id": "/subscriptions/785c6b64-6eaf-4b4b-9b4b-4be23d6b412f/providers/Microsoft.Authorization/roleDefinitions/b24988ac-6180-42a0-ab88-20f7382dd24c",
            "role_definition_name": "Contributor",
            "scope": "/subscriptions/785c6b64-6eaf-4b4b-9b4b-4be23d6b412f/resourceGroups/aabeckAzureIA/providers/Microsoft.Storage/storageAccounts/mlwspaceaabecksa09",
            "skip_service_principal_aad_check": null,
            "timeouts": null
          },
          "sensitive_attributes": [],
          "private": "eyJlMmJmYjczMC1lY2FhLTExZTYtOGY4OC0zNDM2M2JjN2M0YzAiOnsiY3JlYXRlIjoxODAwMDAwMDAwMDAwLCJkZWxldGUiOjE4MDAwMDAwMDAwMDAsInJlYWQiOjMwMDAwMDAwMDAwMH19",
          "dependencies": [
            "azurerm_storage_account.aabeck01",
            "azurerm_user_assigned_identity.aabeck01"
          ]
        }
      ]
    },
    {
      "mode": "managed",
      "type": "azurerm_role_assignment",
      "name": "aabeck01-role4",
      "provider": "provider[\"registry.terraform.io/hashicorp/azurerm\"]",
      "instances": [
        {
          "schema_version": 0,
          "attributes": {
            "condition": "",
            "condition_version": "",
            "delegated_managed_identity_resource_id": "",
            "description": "",
            "id": "/subscriptions/785c6b64-6eaf-4b4b-9b4b-4be23d6b412f/resourceGroups/aabeckAzureIA/providers/Microsoft.Storage/storageAccounts/mlwspaceaabecksa09/providers/Microsoft.Authorization/roleAssignments/40fb76e0-ba33-dc80-a4ba-d19c5fd739e6",
            "name": "40fb76e0-ba33-dc80-a4ba-d19c5fd739e6",
            "principal_id": "b047c4de-4d94-4796-bcb6-64efd195dbeb",
            "principal_type": "ServicePrincipal",
            "role_definition_id": "/subscriptions/785c6b64-6eaf-4b4b-9b4b-4be23d6b412f/providers/Microsoft.Authorization/roleDefinitions/ba92f5b4-2d11-453d-a403-e96b0029c9fe",
            "role_definition_name": "Storage Blob Data Contributor",
            "scope": "/subscriptions/785c6b64-6eaf-4b4b-9b4b-4be23d6b412f/resourceGroups/aabeckAzureIA/providers/Microsoft.Storage/storageAccounts/mlwspaceaabecksa09",
            "skip_service_principal_aad_check": null,
            "timeouts": null
          },
          "sensitive_attributes": [],
          "private": "eyJlMmJmYjczMC1lY2FhLTExZTYtOGY4OC0zNDM2M2JjN2M0YzAiOnsiY3JlYXRlIjoxODAwMDAwMDAwMDAwLCJkZWxldGUiOjE4MDAwMDAwMDAwMDAsInJlYWQiOjMwMDAwMDAwMDAwMH19",
          "dependencies": [
            "azurerm_storage_account.aabeck01",
            "azurerm_user_assigned_identity.aabeck01"
          ]
        }
      ]
    },
    {
      "mode": "managed",
      "type": "azurerm_role_assignment",
      "name": "aabeck01-role5",
      "provider": "provider[\"registry.terraform.io/hashicorp/azurerm\"]",
      "instances": [
        {
          "schema_version": 0,
          "attributes": {
            "condition": "",
            "condition_version": "",
            "delegated_managed_identity_resource_id": "",
            "description": "",
            "id": "/subscriptions/785c6b64-6eaf-4b4b-9b4b-4be23d6b412f/resourceGroups/aabeckAzureIA/providers/Microsoft.Insights/components/mlwspaceaabeckai09/providers/Microsoft.Authorization/roleAssignments/30cce88b-3ba0-6e18-9cb0-45e0f6df0d8f",
            "name": "30cce88b-3ba0-6e18-9cb0-45e0f6df0d8f",
            "principal_id": "b047c4de-4d94-4796-bcb6-64efd195dbeb",
            "principal_type": "ServicePrincipal",
            "role_definition_id": "/subscriptions/785c6b64-6eaf-4b4b-9b4b-4be23d6b412f/providers/Microsoft.Authorization/roleDefinitions/b24988ac-6180-42a0-ab88-20f7382dd24c",
            "role_definition_name": "Contributor",
            "scope": "/subscriptions/785c6b64-6eaf-4b4b-9b4b-4be23d6b412f/resourceGroups/aabeckAzureIA/providers/Microsoft.Insights/components/mlwspaceaabeckai09",
            "skip_service_principal_aad_check": null,
            "timeouts": null
          },
          "sensitive_attributes": [],
          "private": "eyJlMmJmYjczMC1lY2FhLTExZTYtOGY4OC0zNDM2M2JjN2M0YzAiOnsiY3JlYXRlIjoxODAwMDAwMDAwMDAwLCJkZWxldGUiOjE4MDAwMDAwMDAwMDAsInJlYWQiOjMwMDAwMDAwMDAwMH19",
          "dependencies": [
            "azurerm_application_insights.aabeck01",
            "azurerm_user_assigned_identity.aabeck01"
          ]
        }
      ]
    },
    {
      "mode": "managed",
      "type": "azurerm_role_assignment",
      "name": "aabeck01-role6",
      "provider": "provider[\"registry.terraform.io/hashicorp/azurerm\"]",
      "instances": [
        {
          "schema_version": 0,
          "attributes": {
            "condition": "",
            "condition_version": "",
            "delegated_managed_identity_resource_id": "",
            "description": "",
            "id": "/subscriptions/785c6b64-6eaf-4b4b-9b4b-4be23d6b412f/resourceGroups/aabeckAzureIA/providers/Microsoft.ContainerRegistry/registries/mlsspaceaabeckcr09/providers/Microsoft.Authorization/roleAssignments/fa59ba20-d247-3e10-436d-ee15d47076a1",
            "name": "fa59ba20-d247-3e10-436d-ee15d47076a1",
            "principal_id": "b047c4de-4d94-4796-bcb6-64efd195dbeb",
            "principal_type": "ServicePrincipal",
            "role_definition_id": "/subscriptions/785c6b64-6eaf-4b4b-9b4b-4be23d6b412f/providers/Microsoft.Authorization/roleDefinitions/b24988ac-6180-42a0-ab88-20f7382dd24c",
            "role_definition_name": "Contributor",
            "scope": "/subscriptions/785c6b64-6eaf-4b4b-9b4b-4be23d6b412f/resourceGroups/aabeckAzureIA/providers/Microsoft.ContainerRegistry/registries/mlsspaceaabeckcr09",
            "skip_service_principal_aad_check": null,
            "timeouts": null
          },
          "sensitive_attributes": [],
          "private": "eyJlMmJmYjczMC1lY2FhLTExZTYtOGY4OC0zNDM2M2JjN2M0YzAiOnsiY3JlYXRlIjoxODAwMDAwMDAwMDAwLCJkZWxldGUiOjE4MDAwMDAwMDAwMDAsInJlYWQiOjMwMDAwMDAwMDAwMH19",
          "dependencies": [
            "azurerm_container_registry.aabeck01",
            "azurerm_user_assigned_identity.aabeck01"
          ]
        }
      ]
    },
    {
      "mode": "managed",
      "type": "azurerm_role_assignment",
      "name": "aabeck01-role7",
      "provider": "provider[\"registry.terraform.io/hashicorp/azurerm\"]",
      "instances": [
        {
          "schema_version": 0,
          "attributes": {
            "condition": "",
            "condition_version": "",
            "delegated_managed_identity_resource_id": "",
            "description": "",
            "id": "/subscriptions/785c6b64-6eaf-4b4b-9b4b-4be23d6b412f/resourceGroups/aabeckAzureIA/providers/Microsoft.Insights/actionGroups/Application Insights Smart Detection/providers/Microsoft.Authorization/roleAssignments/5ae0016a-3c8a-2446-eb23-a33e2e7f7f64",
            "name": "5ae0016a-3c8a-2446-eb23-a33e2e7f7f64",
            "principal_id": "b047c4de-4d94-4796-bcb6-64efd195dbeb",
            "principal_type": "ServicePrincipal",
            "role_definition_id": "/subscriptions/785c6b64-6eaf-4b4b-9b4b-4be23d6b412f/providers/Microsoft.Authorization/roleDefinitions/b24988ac-6180-42a0-ab88-20f7382dd24c",
            "role_definition_name": "Contributor",
            "scope": "/subscriptions/785c6b64-6eaf-4b4b-9b4b-4be23d6b412f/resourceGroups/aabeckAzureIA/providers/Microsoft.Insights/actionGroups/Application Insights Smart Detection",
            "skip_service_principal_aad_check": null,
            "timeouts": null
          },
          "sensitive_attributes": [],
          "private": "eyJlMmJmYjczMC1lY2FhLTExZTYtOGY4OC0zNDM2M2JjN2M0YzAiOnsiY3JlYXRlIjoxODAwMDAwMDAwMDAwLCJkZWxldGUiOjE4MDAwMDAwMDAwMDAsInJlYWQiOjMwMDAwMDAwMDAwMH19",
          "dependencies": [
            "azurerm_monitor_action_group.aabeck01",
            "azurerm_user_assigned_identity.aabeck01"
          ]
        }
      ]
    },
    {
      "mode": "managed",
      "type": "azurerm_storage_account",
      "name": "aabeck01",
      "provider": "provider[\"registry.terraform.io/hashicorp/azurerm\"]",
      "instances": [
        {
          "schema_version": 4,
          "attributes": {
            "access_tier": "Hot",
            "account_kind": "StorageV2",
            "account_replication_type": "GRS",
            "account_tier": "Standard",
            "allow_nested_items_to_be_public": true,
            "allowed_copy_scope": "",
            "azure_files_authentication": [],
            "blob_properties": [
              {
                "change_feed_enabled": false,
                "change_feed_retention_in_days": 0,
                "container_delete_retention_policy": [],
                "cors_rule": [],
                "default_service_version": "",
                "delete_retention_policy": [],
                "last_access_time_enabled": false,
                "restore_policy": [],
                "versioning_enabled": false
              }
            ],
            "cross_tenant_replication_enabled": true,
            "custom_domain": [],
            "customer_managed_key": [],
            "default_to_oauth_authentication": false,
            "dns_endpoint_type": "Standard",
            "edge_zone": "",
            "enable_https_traffic_only": true,
            "id": "/subscriptions/785c6b64-6eaf-4b4b-9b4b-4be23d6b412f/resourceGroups/aabeckAzureIA/providers/Microsoft.Storage/storageAccounts/mlwspaceaabecksa09",
            "identity": [],
            "immutability_policy": [],
            "infrastructure_encryption_enabled": false,
            "is_hns_enabled": false,
            "large_file_share_enabled": null,
            "local_user_enabled": true,
            "location": "eastus",
            "min_tls_version": "TLS1_2",
            "name": "mlwspaceaabecksa09",
            "network_rules": [
              {
                "bypass": [
                  "AzureServices"
                ],
                "default_action": "Allow",
                "ip_rules": [],
                "private_link_access": [],
                "virtual_network_subnet_ids": []
              }
            ],
            "nfsv3_enabled": false,
            "primary_access_key": "StuYnE2yUxidAwxL4qm8QAuNzC9As9edys9l7m9TvSd3CDHvK0eyrC6Yz2EEv08GFjhf+gPyapgO+ASt7Z3stg==",
            "primary_blob_connection_string": "DefaultEndpointsProtocol=https;BlobEndpoint=https://mlwspaceaabecksa09.blob.core.windows.net/;AccountName=mlwspaceaabecksa09;AccountKey=StuYnE2yUxidAwxL4qm8QAuNzC9As9edys9l7m9TvSd3CDHvK0eyrC6Yz2EEv08GFjhf+gPyapgO+ASt7Z3stg==",
            "primary_blob_endpoint": "https://mlwspaceaabecksa09.blob.core.windows.net/",
            "primary_blob_host": "mlwspaceaabecksa09.blob.core.windows.net",
            "primary_blob_internet_endpoint": "",
            "primary_blob_internet_host": "",
            "primary_blob_microsoft_endpoint": "",
            "primary_blob_microsoft_host": "",
            "primary_connection_string": "DefaultEndpointsProtocol=https;AccountName=mlwspaceaabecksa09;AccountKey=StuYnE2yUxidAwxL4qm8QAuNzC9As9edys9l7m9TvSd3CDHvK0eyrC6Yz2EEv08GFjhf+gPyapgO+ASt7Z3stg==;EndpointSuffix=core.windows.net",
            "primary_dfs_endpoint": "https://mlwspaceaabecksa09.dfs.core.windows.net/",
            "primary_dfs_host": "mlwspaceaabecksa09.dfs.core.windows.net",
            "primary_dfs_internet_endpoint": "",
            "primary_dfs_internet_host": "",
            "primary_dfs_microsoft_endpoint": "",
            "primary_dfs_microsoft_host": "",
            "primary_file_endpoint": "https://mlwspaceaabecksa09.file.core.windows.net/",
            "primary_file_host": "mlwspaceaabecksa09.file.core.windows.net",
            "primary_file_internet_endpoint": "",
            "primary_file_internet_host": "",
            "primary_file_microsoft_endpoint": "",
            "primary_file_microsoft_host": "",
            "primary_location": "eastus",
            "primary_queue_endpoint": "https://mlwspaceaabecksa09.queue.core.windows.net/",
            "primary_queue_host": "mlwspaceaabecksa09.queue.core.windows.net",
            "primary_queue_microsoft_endpoint": "",
            "primary_queue_microsoft_host": "",
            "primary_table_endpoint": "https://mlwspaceaabecksa09.table.core.windows.net/",
            "primary_table_host": "mlwspaceaabecksa09.table.core.windows.net",
            "primary_table_microsoft_endpoint": "",
            "primary_table_microsoft_host": "",
            "primary_web_endpoint": "https://mlwspaceaabecksa09.z13.web.core.windows.net/",
            "primary_web_host": "mlwspaceaabecksa09.z13.web.core.windows.net",
            "primary_web_internet_endpoint": "",
            "primary_web_internet_host": "",
            "primary_web_microsoft_endpoint": "",
            "primary_web_microsoft_host": "",
            "public_network_access_enabled": true,
            "queue_encryption_key_type": "Service",
            "queue_properties": [
              {
                "cors_rule": [],
                "hour_metrics": [
                  {
                    "enabled": true,
                    "include_apis": true,
                    "retention_policy_days": 7,
                    "version": "1.0"
                  }
                ],
                "logging": [
                  {
                    "delete": false,
                    "read": false,
                    "retention_policy_days": 0,
                    "version": "1.0",
                    "write": false
                  }
                ],
                "minute_metrics": [
                  {
                    "enabled": false,
                    "include_apis": false,
                    "retention_policy_days": 0,
                    "version": "1.0"
                  }
                ]
              }
            ],
            "resource_group_name": "aabeckAzureIA",
            "routing": [],
            "sas_policy": [],
            "secondary_access_key": "L4CM4PBgxMoPN5pokwGG5sed8r52ljOyJJ2HBeFuMrIOsTjUqA42mmAzPgc+Y482D50q6S/u7K1O+AStnivvEg==",
            "secondary_blob_connection_string": "",
            "secondary_blob_endpoint": null,
            "secondary_blob_host": null,
            "secondary_blob_internet_endpoint": null,
            "secondary_blob_internet_host": null,
            "secondary_blob_microsoft_endpoint": null,
            "secondary_blob_microsoft_host": null,
            "secondary_connection_string": "DefaultEndpointsProtocol=https;AccountName=mlwspaceaabecksa09;AccountKey=L4CM4PBgxMoPN5pokwGG5sed8r52ljOyJJ2HBeFuMrIOsTjUqA42mmAzPgc+Y482D50q6S/u7K1O+AStnivvEg==;EndpointSuffix=core.windows.net",
            "secondary_dfs_endpoint": null,
            "secondary_dfs_host": null,
            "secondary_dfs_internet_endpoint": null,
            "secondary_dfs_internet_host": null,
            "secondary_dfs_microsoft_endpoint": null,
            "secondary_dfs_microsoft_host": null,
            "secondary_file_endpoint": null,
            "secondary_file_host": null,
            "secondary_file_internet_endpoint": null,
            "secondary_file_internet_host": null,
            "secondary_file_microsoft_endpoint": null,
            "secondary_file_microsoft_host": null,
            "secondary_location": "westus",
            "secondary_queue_endpoint": null,
            "secondary_queue_host": null,
            "secondary_queue_microsoft_endpoint": null,
            "secondary_queue_microsoft_host": null,
            "secondary_table_endpoint": null,
            "secondary_table_host": null,
            "secondary_table_microsoft_endpoint": null,
            "secondary_table_microsoft_host": null,
            "secondary_web_endpoint": null,
            "secondary_web_host": null,
            "secondary_web_internet_endpoint": null,
            "secondary_web_internet_host": null,
            "secondary_web_microsoft_endpoint": null,
            "secondary_web_microsoft_host": null,
            "sftp_enabled": false,
            "share_properties": [
              {
                "cors_rule": [],
                "retention_policy": [
                  {
                    "days": 7
                  }
                ],
                "smb": []
              }
            ],
            "shared_access_key_enabled": true,
            "static_website": [],
            "table_encryption_key_type": "Service",
            "tags": {
              "Environment": "development"
            },
            "timeouts": null
          },
          "sensitive_attributes": [
            [
              {
                "type": "get_attr",
                "value": "primary_connection_string"
              }
            ],
            [
              {
                "type": "get_attr",
                "value": "secondary_access_key"
              }
            ],
            [
              {
                "type": "get_attr",
                "value": "secondary_blob_connection_string"
              }
            ],
            [
              {
                "type": "get_attr",
                "value": "primary_blob_connection_string"
              }
            ],
            [
              {
                "type": "get_attr",
                "value": "primary_access_key"
              }
            ],
            [
              {
                "type": "get_attr",
                "value": "secondary_connection_string"
              }
            ]
          ],
          "private": "eyJlMmJmYjczMC1lY2FhLTExZTYtOGY4OC0zNDM2M2JjN2M0YzAiOnsiY3JlYXRlIjozNjAwMDAwMDAwMDAwLCJkZWxldGUiOjM2MDAwMDAwMDAwMDAsInJlYWQiOjMwMDAwMDAwMDAwMCwidXBkYXRlIjozNjAwMDAwMDAwMDAwfSwic2NoZW1hX3ZlcnNpb24iOiI0In0="
        }
      ]
    },
    {
      "mode": "managed",
      "type": "azurerm_user_assigned_identity",
      "name": "aabeck01",
      "provider": "provider[\"registry.terraform.io/hashicorp/azurerm\"]",
      "instances": [
        {
          "schema_version": 1,
          "attributes": {
            "client_id": "1f94c4b1-e036-4d75-aeb8-3a00219eb449",
            "id": "/subscriptions/785c6b64-6eaf-4b4b-9b4b-4be23d6b412f/resourceGroups/aabeckAzureIA/providers/Microsoft.ManagedIdentity/userAssignedIdentities/aabeck-identity",
            "location": "eastus",
            "name": "aabeck-identity",
            "principal_id": "b047c4de-4d94-4796-bcb6-64efd195dbeb",
            "resource_group_name": "aabeckAzureIA",
            "tags": null,
            "tenant_id": "78292741-a832-459a-ac25-8e896e24a86c",
            "timeouts": null
          },
          "sensitive_attributes": [],
          "private": "eyJlMmJmYjczMC1lY2FhLTExZTYtOGY4OC0zNDM2M2JjN2M0YzAiOnsiY3JlYXRlIjoxODAwMDAwMDAwMDAwLCJkZWxldGUiOjE4MDAwMDAwMDAwMDAsInJlYWQiOjMwMDAwMDAwMDAwMCwidXBkYXRlIjoxODAwMDAwMDAwMDAwfSwic2NoZW1hX3ZlcnNpb24iOiIxIn0="
        }
      ]
    }
  ],
  "check_results": null
}
