{
  "version": 4,
  "terraform_version": "1.8.1",
  "serial": 231,
  "lineage": "0466ddae-c923-8f77-0ac4-1cb73959dccc",
  "outputs": {
    "resource_group_name": {
      "value": "aabeckAzureIA",
      "type": "string"
    }
  },
  "resources": [
    {
      "mode": "data",
      "type": "azurerm_client_config",
      "name": "current",
      "provider": "provider[\"registry.terraform.io/hashicorp/azurerm\"]",
      "instances": [
        {
          "schema_version": 0,
          "attributes": {
            "client_id": "04b07795-8ddb-461a-bbee-02f9e1bf7b46",
            "id": "Y2xpZW50Q29uZmlncy9jbGllbnRJZD0wNGIwNzc5NS04ZGRiLTQ2MWEtYmJlZS0wMmY5ZTFiZjdiNDY7b2JqZWN0SWQ9MDJmYjE1NjEtODFhNi00ZjhlLTg5YWEtODY2OGVkYmE3MTliO3N1YnNjcmlwdGlvbklkPTc4NWM2YjY0LTZlYWYtNGI0Yi05YjRiLTRiZTIzZDZiNDEyZjt0ZW5hbnRJZD03ODI5Mjc0MS1hODMyLTQ1OWEtYWMyNS04ZTg5NmUyNGE4NmM=",
            "object_id": "02fb1561-81a6-4f8e-89aa-8668edba719b",
            "subscription_id": "785c6b64-6eaf-4b4b-9b4b-4be23d6b412f",
            "tenant_id": "78292741-a832-459a-ac25-8e896e24a86c",
            "timeouts": null
          },
          "sensitive_attributes": []
        }
      ]
    },
    {
      "mode": "managed",
      "type": "azurerm_application_insights",
      "name": "aabeck01",
      "provider": "provider[\"registry.terraform.io/hashicorp/azurerm\"]",
      "instances": [
        {
          "schema_version": 2,
          "attributes": {
            "app_id": "0bc8ea39-aceb-4330-95d8-17d2fdbcec7e",
            "application_type": "web",
            "connection_string": "InstrumentationKey=b68bca5d-5168-440b-a650-3653282a6d3f;IngestionEndpoint=https://eastus-6.in.applicationinsights.azure.com/;LiveEndpoint=https://eastus.livediagnostics.monitor.azure.com/;ApplicationId=0bc8ea39-aceb-4330-95d8-17d2fdbcec7e",
            "daily_data_cap_in_gb": 100,
            "daily_data_cap_notifications_disabled": false,
            "disable_ip_masking": false,
            "force_customer_storage_for_profiler": false,
            "id": "/subscriptions/785c6b64-6eaf-4b4b-9b4b-4be23d6b412f/resourceGroups/aabeckAzureIA/providers/Microsoft.Insights/components/mlwspaceaabeckai06",
            "instrumentation_key": "b68bca5d-5168-440b-a650-3653282a6d3f",
            "internet_ingestion_enabled": true,
            "internet_query_enabled": true,
            "local_authentication_disabled": false,
            "location": "eastus",
            "name": "mlwspaceaabeckai06",
            "resource_group_name": "aabeckAzureIA",
            "retention_in_days": 90,
            "sampling_percentage": 100,
            "tags": {
              "Environment": "development"
            },
            "timeouts": null,
            "workspace_id": ""
          },
          "sensitive_attributes": [
            [
              {
                "type": "get_attr",
                "value": "instrumentation_key"
              }
            ],
            [
              {
                "type": "get_attr",
                "value": "connection_string"
              }
            ]
          ],
          "private": "eyJlMmJmYjczMC1lY2FhLTExZTYtOGY4OC0zNDM2M2JjN2M0YzAiOnsiY3JlYXRlIjozNjAwMDAwMDAwMDAwLCJkZWxldGUiOjE4MDAwMDAwMDAwMDAsInJlYWQiOjMwMDAwMDAwMDAwMCwidXBkYXRlIjoxODAwMDAwMDAwMDAwfSwic2NoZW1hX3ZlcnNpb24iOiIyIn0="
        }
      ]
    },
    {
      "mode": "managed",
      "type": "azurerm_container_registry",
      "name": "aabeck01",
      "provider": "provider[\"registry.terraform.io/hashicorp/azurerm\"]",
      "instances": [
        {
          "schema_version": 2,
          "attributes": {
            "admin_enabled": true,
            "admin_password": "GG4osw2KLBuQQeMzh7loURuzlbqnR0RlCPOzxWmlkt+ACRAKI9XP",
            "admin_username": "mlsspaceaabeckcr06",
            "anonymous_pull_enabled": false,
            "data_endpoint_enabled": false,
            "encryption": [
              {
                "enabled": false,
                "identity_client_id": "",
                "key_vault_key_id": ""
              }
            ],
            "export_policy_enabled": true,
            "georeplications": [],
            "id": "/subscriptions/785c6b64-6eaf-4b4b-9b4b-4be23d6b412f/resourceGroups/aabeckAzureIA/providers/Microsoft.ContainerRegistry/registries/mlsspaceaabeckcr06",
            "identity": [],
            "location": "eastus",
            "login_server": "mlsspaceaabeckcr06.azurecr.io",
            "name": "mlsspaceaabeckcr06",
            "network_rule_bypass_option": "AzureServices",
            "network_rule_set": [
              {
                "default_action": "Allow",
                "ip_rule": [],
                "virtual_network": []
              }
            ],
            "public_network_access_enabled": true,
            "quarantine_policy_enabled": false,
            "resource_group_name": "aabeckAzureIA",
            "retention_policy": [
              {
                "days": 7,
                "enabled": false
              }
            ],
            "sku": "Premium",
            "tags": {
              "Environment": "development"
            },
            "timeouts": null,
            "trust_policy": [
              {
                "enabled": false
              }
            ],
            "zone_redundancy_enabled": false
          },
          "sensitive_attributes": [
            [
              {
                "type": "get_attr",
                "value": "admin_password"
              }
            ]
          ],
          "private": "eyJlMmJmYjczMC1lY2FhLTExZTYtOGY4OC0zNDM2M2JjN2M0YzAiOnsiY3JlYXRlIjoxODAwMDAwMDAwMDAwLCJkZWxldGUiOjE4MDAwMDAwMDAwMDAsInJlYWQiOjMwMDAwMDAwMDAwMCwidXBkYXRlIjoxODAwMDAwMDAwMDAwfSwic2NoZW1hX3ZlcnNpb24iOiIyIn0="
        }
      ]
    },
    {
      "mode": "managed",
      "type": "azurerm_key_vault",
      "name": "aabeck01",
      "provider": "provider[\"registry.terraform.io/hashicorp/azurerm\"]",
      "instances": [
        {
          "schema_version": 2,
          "attributes": {
            "access_policy": [],
            "contact": [],
            "enable_rbac_authorization": false,
            "enabled_for_deployment": false,
            "enabled_for_disk_encryption": false,
            "enabled_for_template_deployment": false,
            "id": "/subscriptions/785c6b64-6eaf-4b4b-9b4b-4be23d6b412f/resourceGroups/aabeckAzureIA/providers/Microsoft.KeyVault/vaults/mlwspaceaabeckkv06",
            "location": "eastus",
            "name": "mlwspaceaabeckkv06",
            "network_acls": [
              {
                "bypass": "AzureServices",
                "default_action": "Allow",
                "ip_rules": [],
                "virtual_network_subnet_ids": []
              }
            ],
            "public_network_access_enabled": true,
            "purge_protection_enabled": false,
            "resource_group_name": "aabeckAzureIA",
            "sku_name": "standard",
            "soft_delete_retention_days": 90,
            "tags": {
              "Environment": "development"
            },
            "tenant_id": "78292741-a832-459a-ac25-8e896e24a86c",
            "timeouts": null,
            "vault_uri": "https://mlwspaceaabeckkv06.vault.azure.net/"
          },
          "sensitive_attributes": [],
          "private": "eyJlMmJmYjczMC1lY2FhLTExZTYtOGY4OC0zNDM2M2JjN2M0YzAiOnsiY3JlYXRlIjoxODAwMDAwMDAwMDAwLCJkZWxldGUiOjE4MDAwMDAwMDAwMDAsInJlYWQiOjMwMDAwMDAwMDAwMCwidXBkYXRlIjoxODAwMDAwMDAwMDAwfSwic2NoZW1hX3ZlcnNpb24iOiIyIn0=",
          "dependencies": [
            "data.azurerm_client_config.current"
          ]
        }
      ]
    },
    {
      "mode": "managed",
      "type": "azurerm_key_vault_access_policy",
      "name": "aabeck01-identity",
      "provider": "provider[\"registry.terraform.io/hashicorp/azurerm\"]",
      "instances": [
        {
          "schema_version": 0,
          "attributes": {
            "application_id": null,
            "certificate_permissions": null,
            "id": "/subscriptions/785c6b64-6eaf-4b4b-9b4b-4be23d6b412f/resourceGroups/aabeckAzureIA/providers/Microsoft.KeyVault/vaults/mlwspaceaabeckkv06/objectId/5b48aac6-e9d6-456e-8ada-61b182f340c8",
            "key_permissions": [
              "Get",
              "WrapKey",
              "UnwrapKey",
              "Create",
              "Recover",
              "Delete",
              "Purge",
              "GetRotationPolicy"
            ],
            "key_vault_id": "/subscriptions/785c6b64-6eaf-4b4b-9b4b-4be23d6b412f/resourceGroups/aabeckAzureIA/providers/Microsoft.KeyVault/vaults/mlwspaceaabeckkv06",
            "object_id": "5b48aac6-e9d6-456e-8ada-61b182f340c8",
            "secret_permissions": [
              "Get",
              "List",
              "Set",
              "Delete",
              "Recover",
              "Backup",
              "Restore"
            ],
            "storage_permissions": null,
            "tenant_id": "78292741-a832-459a-ac25-8e896e24a86c",
            "timeouts": null
          },
          "sensitive_attributes": [],
          "private": "eyJlMmJmYjczMC1lY2FhLTExZTYtOGY4OC0zNDM2M2JjN2M0YzAiOnsiY3JlYXRlIjoxODAwMDAwMDAwMDAwLCJkZWxldGUiOjE4MDAwMDAwMDAwMDAsInJlYWQiOjMwMDAwMDAwMDAwMCwidXBkYXRlIjoxODAwMDAwMDAwMDAwfX0=",
          "dependencies": [
            "azurerm_key_vault.aabeck01",
            "azurerm_user_assigned_identity.aabeck01",
            "data.azurerm_client_config.current"
          ]
        }
      ]
    },
    {
      "mode": "managed",
      "type": "azurerm_key_vault_access_policy",
      "name": "aabeck01-tenant",
      "provider": "provider[\"registry.terraform.io/hashicorp/azurerm\"]",
      "instances": [
        {
          "schema_version": 0,
          "attributes": {
            "application_id": null,
            "certificate_permissions": null,
            "id": "/subscriptions/785c6b64-6eaf-4b4b-9b4b-4be23d6b412f/resourceGroups/aabeckAzureIA/providers/Microsoft.KeyVault/vaults/mlwspaceaabeckkv06/objectId/02fb1561-81a6-4f8e-89aa-8668edba719b",
            "key_permissions": [
              "Get",
              "Create",
              "Recover",
              "Delete",
              "Purge",
              "GetRotationPolicy"
            ],
            "key_vault_id": "/subscriptions/785c6b64-6eaf-4b4b-9b4b-4be23d6b412f/resourceGroups/aabeckAzureIA/providers/Microsoft.KeyVault/vaults/mlwspaceaabeckkv06",
            "object_id": "02fb1561-81a6-4f8e-89aa-8668edba719b",
            "secret_permissions": null,
            "storage_permissions": null,
            "tenant_id": "78292741-a832-459a-ac25-8e896e24a86c",
            "timeouts": null
          },
          "sensitive_attributes": [],
          "private": "eyJlMmJmYjczMC1lY2FhLTExZTYtOGY4OC0zNDM2M2JjN2M0YzAiOnsiY3JlYXRlIjoxODAwMDAwMDAwMDAwLCJkZWxldGUiOjE4MDAwMDAwMDAwMDAsInJlYWQiOjMwMDAwMDAwMDAwMCwidXBkYXRlIjoxODAwMDAwMDAwMDAwfX0=",
          "dependencies": [
            "azurerm_key_vault.aabeck01",
            "data.azurerm_client_config.current"
          ]
        }
      ]
    },
    {
      "mode": "managed",
      "type": "azurerm_machine_learning_workspace",
      "name": "aabeck01",
      "provider": "provider[\"registry.terraform.io/hashicorp/azurerm\"]",
      "instances": [
        {
          "schema_version": 0,
          "attributes": {
            "application_insights_id": "/subscriptions/785c6b64-6eaf-4b4b-9b4b-4be23d6b412f/resourceGroups/aabeckAzureIA/providers/Microsoft.Insights/components/mlwspaceaabeckai06",
            "container_registry_id": "/subscriptions/785c6b64-6eaf-4b4b-9b4b-4be23d6b412f/resourceGroups/aabeckAzureIA/providers/Microsoft.ContainerRegistry/registries/mlsspaceaabeckcr06",
            "description": "",
            "discovery_url": "https://eastus.api.azureml.ms/discovery",
            "encryption": [],
            "feature_store": [],
            "friendly_name": "",
            "high_business_impact": false,
            "id": "/subscriptions/785c6b64-6eaf-4b4b-9b4b-4be23d6b412f/resourceGroups/aabeckAzureIA/providers/Microsoft.MachineLearningServices/workspaces/mlwspaceaabeck06",
            "identity": [
              {
                "identity_ids": [
                  "/subscriptions/785c6b64-6eaf-4b4b-9b4b-4be23d6b412f/resourceGroups/aabeckAzureIA/providers/Microsoft.ManagedIdentity/userAssignedIdentities/aabeck-identity"
                ],
                "principal_id": "",
                "tenant_id": "78292741-a832-459a-ac25-8e896e24a86c",
                "type": "UserAssigned"
              }
            ],
            "image_build_compute_name": "",
            "key_vault_id": "/subscriptions/785c6b64-6eaf-4b4b-9b4b-4be23d6b412f/resourceGroups/aabeckAzureIA/providers/Microsoft.KeyVault/vaults/mlwspaceaabeckkv06",
            "kind": "Default",
            "location": "eastus",
            "managed_network": [
              {
                "isolation_mode": "Disabled"
              }
            ],
            "name": "mlwspaceaabeck06",
            "primary_user_assigned_identity": "/subscriptions/785c6b64-6eaf-4b4b-9b4b-4be23d6b412f/resourceGroups/aabeckAzureIA/providers/Microsoft.ManagedIdentity/userAssignedIdentities/aabeck-identity",
            "public_access_behind_virtual_network_enabled": false,
            "public_network_access_enabled": true,
            "resource_group_name": "aabeckAzureIA",
            "sku_name": "Basic",
            "storage_account_id": "/subscriptions/785c6b64-6eaf-4b4b-9b4b-4be23d6b412f/resourceGroups/aabeckAzureIA/providers/Microsoft.Storage/storageAccounts/mlwspaceaabecksa06",
            "tags": {
              "Environment": "development"
            },
            "timeouts": null,
            "v1_legacy_mode_enabled": false,
            "workspace_id": "92541737-14ae-4c70-9b43-2c3817aac497"
          },
          "sensitive_attributes": [],
          "private": "eyJlMmJmYjczMC1lY2FhLTExZTYtOGY4OC0zNDM2M2JjN2M0YzAiOnsiY3JlYXRlIjoxODAwMDAwMDAwMDAwLCJkZWxldGUiOjE4MDAwMDAwMDAwMDAsInJlYWQiOjMwMDAwMDAwMDAwMCwidXBkYXRlIjoxODAwMDAwMDAwMDAwfX0=",
          "dependencies": [
            "azurerm_application_insights.aabeck01",
            "azurerm_container_registry.aabeck01",
            "azurerm_key_vault.aabeck01",
            "azurerm_role_assignment.aabeck01-role1",
            "azurerm_role_assignment.aabeck01-role2",
            "azurerm_role_assignment.aabeck01-role3",
            "azurerm_role_assignment.aabeck01-role4",
            "azurerm_role_assignment.aabeck01-role5",
            "azurerm_role_assignment.aabeck01-role6",
            "azurerm_storage_account.aabeck01",
            "azurerm_user_assigned_identity.aabeck01",
            "data.azurerm_client_config.current"
          ]
        }
      ]
    },
    {
      "mode": "managed",
      "type": "azurerm_role_assignment",
      "name": "aabeck01-role1",
      "provider": "provider[\"registry.terraform.io/hashicorp/azurerm\"]",
      "instances": [
        {
          "schema_version": 0,
          "attributes": {
            "condition": "",
            "condition_version": "",
            "delegated_managed_identity_resource_id": "",
            "description": "",
            "id": "/subscriptions/785c6b64-6eaf-4b4b-9b4b-4be23d6b412f/resourceGroups/aabeckAzureIA/providers/Microsoft.KeyVault/vaults/mlwspaceaabeckkv06/providers/Microsoft.Authorization/roleAssignments/6476736e-20da-23eb-5893-c7756cab2140",
            "name": "6476736e-20da-23eb-5893-c7756cab2140",
            "principal_id": "5b48aac6-e9d6-456e-8ada-61b182f340c8",
            "principal_type": "ServicePrincipal",
            "role_definition_id": "/subscriptions/785c6b64-6eaf-4b4b-9b4b-4be23d6b412f/providers/Microsoft.Authorization/roleDefinitions/b24988ac-6180-42a0-ab88-20f7382dd24c",
            "role_definition_name": "Contributor",
            "scope": "/subscriptions/785c6b64-6eaf-4b4b-9b4b-4be23d6b412f/resourceGroups/aabeckAzureIA/providers/Microsoft.KeyVault/vaults/mlwspaceaabeckkv06",
            "skip_service_principal_aad_check": null,
            "timeouts": null
          },
          "sensitive_attributes": [],
          "private": "eyJlMmJmYjczMC1lY2FhLTExZTYtOGY4OC0zNDM2M2JjN2M0YzAiOnsiY3JlYXRlIjoxODAwMDAwMDAwMDAwLCJkZWxldGUiOjE4MDAwMDAwMDAwMDAsInJlYWQiOjMwMDAwMDAwMDAwMH19",
          "dependencies": [
            "azurerm_key_vault.aabeck01",
            "azurerm_user_assigned_identity.aabeck01",
            "data.azurerm_client_config.current"
          ]
        }
      ]
    },
    {
      "mode": "managed",
      "type": "azurerm_role_assignment",
      "name": "aabeck01-role2",
      "provider": "provider[\"registry.terraform.io/hashicorp/azurerm\"]",
      "instances": [
        {
          "schema_version": 0,
          "attributes": {
            "condition": "",
            "condition_version": "",
            "delegated_managed_identity_resource_id": "",
            "description": "",
            "id": "/subscriptions/785c6b64-6eaf-4b4b-9b4b-4be23d6b412f/resourceGroups/aabeckAzureIA/providers/Microsoft.KeyVault/vaults/mlwspaceaabeckkv06/providers/Microsoft.Authorization/roleAssignments/d60c4b11-4e3f-6446-29be-6c8e04871d0f",
            "name": "d60c4b11-4e3f-6446-29be-6c8e04871d0f",
            "principal_id": "5b48aac6-e9d6-456e-8ada-61b182f340c8",
            "principal_type": "ServicePrincipal",
            "role_definition_id": "/subscriptions/785c6b64-6eaf-4b4b-9b4b-4be23d6b412f/providers/Microsoft.Authorization/roleDefinitions/00482a5a-887f-4fb3-b363-3b7fe8e74483",
            "role_definition_name": "Key Vault Administrator",
            "scope": "/subscriptions/785c6b64-6eaf-4b4b-9b4b-4be23d6b412f/resourceGroups/aabeckAzureIA/providers/Microsoft.KeyVault/vaults/mlwspaceaabeckkv06",
            "skip_service_principal_aad_check": null,
            "timeouts": null
          },
          "sensitive_attributes": [],
          "private": "eyJlMmJmYjczMC1lY2FhLTExZTYtOGY4OC0zNDM2M2JjN2M0YzAiOnsiY3JlYXRlIjoxODAwMDAwMDAwMDAwLCJkZWxldGUiOjE4MDAwMDAwMDAwMDAsInJlYWQiOjMwMDAwMDAwMDAwMH19",
          "dependencies": [
            "azurerm_key_vault.aabeck01",
            "azurerm_user_assigned_identity.aabeck01",
            "data.azurerm_client_config.current"
          ]
        }
      ]
    },
    {
      "mode": "managed",
      "type": "azurerm_role_assignment",
      "name": "aabeck01-role3",
      "provider": "provider[\"registry.terraform.io/hashicorp/azurerm\"]",
      "instances": [
        {
          "schema_version": 0,
          "attributes": {
            "condition": "",
            "condition_version": "",
            "delegated_managed_identity_resource_id": "",
            "description": "",
            "id": "/subscriptions/785c6b64-6eaf-4b4b-9b4b-4be23d6b412f/resourceGroups/aabeckAzureIA/providers/Microsoft.Storage/storageAccounts/mlwspaceaabecksa06/providers/Microsoft.Authorization/roleAssignments/2c1681da-ea41-4ffa-afd2-f91ed116ab96",
            "name": "2c1681da-ea41-4ffa-afd2-f91ed116ab96",
            "principal_id": "5b48aac6-e9d6-456e-8ada-61b182f340c8",
            "principal_type": "ServicePrincipal",
            "role_definition_id": "/subscriptions/785c6b64-6eaf-4b4b-9b4b-4be23d6b412f/providers/Microsoft.Authorization/roleDefinitions/b24988ac-6180-42a0-ab88-20f7382dd24c",
            "role_definition_name": "Contributor",
            "scope": "/subscriptions/785c6b64-6eaf-4b4b-9b4b-4be23d6b412f/resourceGroups/aabeckAzureIA/providers/Microsoft.Storage/storageAccounts/mlwspaceaabecksa06",
            "skip_service_principal_aad_check": null,
            "timeouts": null
          },
          "sensitive_attributes": [],
          "private": "eyJlMmJmYjczMC1lY2FhLTExZTYtOGY4OC0zNDM2M2JjN2M0YzAiOnsiY3JlYXRlIjoxODAwMDAwMDAwMDAwLCJkZWxldGUiOjE4MDAwMDAwMDAwMDAsInJlYWQiOjMwMDAwMDAwMDAwMH19",
          "dependencies": [
            "azurerm_storage_account.aabeck01",
            "azurerm_user_assigned_identity.aabeck01"
          ]
        }
      ]
    },
    {
      "mode": "managed",
      "type": "azurerm_role_assignment",
      "name": "aabeck01-role4",
      "provider": "provider[\"registry.terraform.io/hashicorp/azurerm\"]",
      "instances": [
        {
          "schema_version": 0,
          "attributes": {
            "condition": "",
            "condition_version": "",
            "delegated_managed_identity_resource_id": "",
            "description": "",
            "id": "/subscriptions/785c6b64-6eaf-4b4b-9b4b-4be23d6b412f/resourceGroups/aabeckAzureIA/providers/Microsoft.Storage/storageAccounts/mlwspaceaabecksa06/providers/Microsoft.Authorization/roleAssignments/c39db761-4396-c414-24b9-ec40e30355b6",
            "name": "c39db761-4396-c414-24b9-ec40e30355b6",
            "principal_id": "5b48aac6-e9d6-456e-8ada-61b182f340c8",
            "principal_type": "ServicePrincipal",
            "role_definition_id": "/subscriptions/785c6b64-6eaf-4b4b-9b4b-4be23d6b412f/providers/Microsoft.Authorization/roleDefinitions/ba92f5b4-2d11-453d-a403-e96b0029c9fe",
            "role_definition_name": "Storage Blob Data Contributor",
            "scope": "/subscriptions/785c6b64-6eaf-4b4b-9b4b-4be23d6b412f/resourceGroups/aabeckAzureIA/providers/Microsoft.Storage/storageAccounts/mlwspaceaabecksa06",
            "skip_service_principal_aad_check": null,
            "timeouts": null
          },
          "sensitive_attributes": [],
          "private": "eyJlMmJmYjczMC1lY2FhLTExZTYtOGY4OC0zNDM2M2JjN2M0YzAiOnsiY3JlYXRlIjoxODAwMDAwMDAwMDAwLCJkZWxldGUiOjE4MDAwMDAwMDAwMDAsInJlYWQiOjMwMDAwMDAwMDAwMH19",
          "dependencies": [
            "azurerm_storage_account.aabeck01",
            "azurerm_user_assigned_identity.aabeck01"
          ]
        }
      ]
    },
    {
      "mode": "managed",
      "type": "azurerm_role_assignment",
      "name": "aabeck01-role5",
      "provider": "provider[\"registry.terraform.io/hashicorp/azurerm\"]",
      "instances": [
        {
          "schema_version": 0,
          "attributes": {
            "condition": "",
            "condition_version": "",
            "delegated_managed_identity_resource_id": "",
            "description": "",
            "id": "/subscriptions/785c6b64-6eaf-4b4b-9b4b-4be23d6b412f/resourceGroups/aabeckAzureIA/providers/Microsoft.Insights/components/mlwspaceaabeckai06/providers/Microsoft.Authorization/roleAssignments/c19ff7ac-315f-b2b5-0048-fbcdd40e0b28",
            "name": "c19ff7ac-315f-b2b5-0048-fbcdd40e0b28",
            "principal_id": "5b48aac6-e9d6-456e-8ada-61b182f340c8",
            "principal_type": "ServicePrincipal",
            "role_definition_id": "/subscriptions/785c6b64-6eaf-4b4b-9b4b-4be23d6b412f/providers/Microsoft.Authorization/roleDefinitions/b24988ac-6180-42a0-ab88-20f7382dd24c",
            "role_definition_name": "Contributor",
            "scope": "/subscriptions/785c6b64-6eaf-4b4b-9b4b-4be23d6b412f/resourceGroups/aabeckAzureIA/providers/Microsoft.Insights/components/mlwspaceaabeckai06",
            "skip_service_principal_aad_check": null,
            "timeouts": null
          },
          "sensitive_attributes": [],
          "private": "eyJlMmJmYjczMC1lY2FhLTExZTYtOGY4OC0zNDM2M2JjN2M0YzAiOnsiY3JlYXRlIjoxODAwMDAwMDAwMDAwLCJkZWxldGUiOjE4MDAwMDAwMDAwMDAsInJlYWQiOjMwMDAwMDAwMDAwMH19",
          "dependencies": [
            "azurerm_application_insights.aabeck01",
            "azurerm_user_assigned_identity.aabeck01"
          ]
        }
      ]
    },
    {
      "mode": "managed",
      "type": "azurerm_role_assignment",
      "name": "aabeck01-role6",
      "provider": "provider[\"registry.terraform.io/hashicorp/azurerm\"]",
      "instances": [
        {
          "schema_version": 0,
          "attributes": {
            "condition": "",
            "condition_version": "",
            "delegated_managed_identity_resource_id": "",
            "description": "",
            "id": "/subscriptions/785c6b64-6eaf-4b4b-9b4b-4be23d6b412f/resourceGroups/aabeckAzureIA/providers/Microsoft.ContainerRegistry/registries/mlsspaceaabeckcr06/providers/Microsoft.Authorization/roleAssignments/74bb7e3b-e3be-dfdb-76d0-5708801a5f36",
            "name": "74bb7e3b-e3be-dfdb-76d0-5708801a5f36",
            "principal_id": "5b48aac6-e9d6-456e-8ada-61b182f340c8",
            "principal_type": "ServicePrincipal",
            "role_definition_id": "/subscriptions/785c6b64-6eaf-4b4b-9b4b-4be23d6b412f/providers/Microsoft.Authorization/roleDefinitions/b24988ac-6180-42a0-ab88-20f7382dd24c",
            "role_definition_name": "Contributor",
            "scope": "/subscriptions/785c6b64-6eaf-4b4b-9b4b-4be23d6b412f/resourceGroups/aabeckAzureIA/providers/Microsoft.ContainerRegistry/registries/mlsspaceaabeckcr06",
            "skip_service_principal_aad_check": null,
            "timeouts": null
          },
          "sensitive_attributes": [],
          "private": "eyJlMmJmYjczMC1lY2FhLTExZTYtOGY4OC0zNDM2M2JjN2M0YzAiOnsiY3JlYXRlIjoxODAwMDAwMDAwMDAwLCJkZWxldGUiOjE4MDAwMDAwMDAwMDAsInJlYWQiOjMwMDAwMDAwMDAwMH19",
          "dependencies": [
            "azurerm_container_registry.aabeck01",
            "azurerm_user_assigned_identity.aabeck01"
          ]
        }
      ]
    },
    {
      "mode": "managed",
      "type": "azurerm_storage_account",
      "name": "aabeck01",
      "provider": "provider[\"registry.terraform.io/hashicorp/azurerm\"]",
      "instances": [
        {
          "schema_version": 4,
          "attributes": {
            "access_tier": "Hot",
            "account_kind": "StorageV2",
            "account_replication_type": "GRS",
            "account_tier": "Standard",
            "allow_nested_items_to_be_public": true,
            "allowed_copy_scope": "",
            "azure_files_authentication": [],
            "blob_properties": [
              {
                "change_feed_enabled": false,
                "change_feed_retention_in_days": 0,
                "container_delete_retention_policy": [],
                "cors_rule": [],
                "default_service_version": "",
                "delete_retention_policy": [],
                "last_access_time_enabled": false,
                "restore_policy": [],
                "versioning_enabled": false
              }
            ],
            "cross_tenant_replication_enabled": true,
            "custom_domain": [],
            "customer_managed_key": [],
            "default_to_oauth_authentication": false,
            "dns_endpoint_type": "Standard",
            "edge_zone": "",
            "enable_https_traffic_only": true,
            "id": "/subscriptions/785c6b64-6eaf-4b4b-9b4b-4be23d6b412f/resourceGroups/aabeckAzureIA/providers/Microsoft.Storage/storageAccounts/mlwspaceaabecksa06",
            "identity": [],
            "immutability_policy": [],
            "infrastructure_encryption_enabled": false,
            "is_hns_enabled": false,
            "large_file_share_enabled": null,
            "local_user_enabled": true,
            "location": "eastus",
            "min_tls_version": "TLS1_2",
            "name": "mlwspaceaabecksa06",
            "network_rules": [
              {
                "bypass": [
                  "AzureServices"
                ],
                "default_action": "Allow",
                "ip_rules": [],
                "private_link_access": [],
                "virtual_network_subnet_ids": []
              }
            ],
            "nfsv3_enabled": false,
            "primary_access_key": "KhTRoLAJcpxSfOVuPxJBu6RkMBaGwLDszy5ekZdVKICSTS4hqQoLz5APUozzOLg5Od+Hu2LCzNgu+AStk1snyw==",
            "primary_blob_connection_string": "DefaultEndpointsProtocol=https;BlobEndpoint=https://mlwspaceaabecksa06.blob.core.windows.net/;AccountName=mlwspaceaabecksa06;AccountKey=KhTRoLAJcpxSfOVuPxJBu6RkMBaGwLDszy5ekZdVKICSTS4hqQoLz5APUozzOLg5Od+Hu2LCzNgu+AStk1snyw==",
            "primary_blob_endpoint": "https://mlwspaceaabecksa06.blob.core.windows.net/",
            "primary_blob_host": "mlwspaceaabecksa06.blob.core.windows.net",
            "primary_blob_internet_endpoint": "",
            "primary_blob_internet_host": "",
            "primary_blob_microsoft_endpoint": "",
            "primary_blob_microsoft_host": "",
            "primary_connection_string": "DefaultEndpointsProtocol=https;AccountName=mlwspaceaabecksa06;AccountKey=KhTRoLAJcpxSfOVuPxJBu6RkMBaGwLDszy5ekZdVKICSTS4hqQoLz5APUozzOLg5Od+Hu2LCzNgu+AStk1snyw==;EndpointSuffix=core.windows.net",
            "primary_dfs_endpoint": "https://mlwspaceaabecksa06.dfs.core.windows.net/",
            "primary_dfs_host": "mlwspaceaabecksa06.dfs.core.windows.net",
            "primary_dfs_internet_endpoint": "",
            "primary_dfs_internet_host": "",
            "primary_dfs_microsoft_endpoint": "",
            "primary_dfs_microsoft_host": "",
            "primary_file_endpoint": "https://mlwspaceaabecksa06.file.core.windows.net/",
            "primary_file_host": "mlwspaceaabecksa06.file.core.windows.net",
            "primary_file_internet_endpoint": "",
            "primary_file_internet_host": "",
            "primary_file_microsoft_endpoint": "",
            "primary_file_microsoft_host": "",
            "primary_location": "eastus",
            "primary_queue_endpoint": "https://mlwspaceaabecksa06.queue.core.windows.net/",
            "primary_queue_host": "mlwspaceaabecksa06.queue.core.windows.net",
            "primary_queue_microsoft_endpoint": "",
            "primary_queue_microsoft_host": "",
            "primary_table_endpoint": "https://mlwspaceaabecksa06.table.core.windows.net/",
            "primary_table_host": "mlwspaceaabecksa06.table.core.windows.net",
            "primary_table_microsoft_endpoint": "",
            "primary_table_microsoft_host": "",
            "primary_web_endpoint": "https://mlwspaceaabecksa06.z13.web.core.windows.net/",
            "primary_web_host": "mlwspaceaabecksa06.z13.web.core.windows.net",
            "primary_web_internet_endpoint": "",
            "primary_web_internet_host": "",
            "primary_web_microsoft_endpoint": "",
            "primary_web_microsoft_host": "",
            "public_network_access_enabled": true,
            "queue_encryption_key_type": "Service",
            "queue_properties": [
              {
                "cors_rule": [],
                "hour_metrics": [
                  {
                    "enabled": true,
                    "include_apis": true,
                    "retention_policy_days": 7,
                    "version": "1.0"
                  }
                ],
                "logging": [
                  {
                    "delete": false,
                    "read": false,
                    "retention_policy_days": 0,
                    "version": "1.0",
                    "write": false
                  }
                ],
                "minute_metrics": [
                  {
                    "enabled": false,
                    "include_apis": false,
                    "retention_policy_days": 0,
                    "version": "1.0"
                  }
                ]
              }
            ],
            "resource_group_name": "aabeckAzureIA",
            "routing": [],
            "sas_policy": [],
            "secondary_access_key": "A/W5+0FV5Uh6VwQx71zAxP99MgDq6ZDy+0XZRKAhRbugrGDIPcUymwAZEN88FIg1HsG9gQzavAVA+AStZeLguQ==",
            "secondary_blob_connection_string": "",
            "secondary_blob_endpoint": null,
            "secondary_blob_host": null,
            "secondary_blob_internet_endpoint": null,
            "secondary_blob_internet_host": null,
            "secondary_blob_microsoft_endpoint": null,
            "secondary_blob_microsoft_host": null,
            "secondary_connection_string": "DefaultEndpointsProtocol=https;AccountName=mlwspaceaabecksa06;AccountKey=A/W5+0FV5Uh6VwQx71zAxP99MgDq6ZDy+0XZRKAhRbugrGDIPcUymwAZEN88FIg1HsG9gQzavAVA+AStZeLguQ==;EndpointSuffix=core.windows.net",
            "secondary_dfs_endpoint": null,
            "secondary_dfs_host": null,
            "secondary_dfs_internet_endpoint": null,
            "secondary_dfs_internet_host": null,
            "secondary_dfs_microsoft_endpoint": null,
            "secondary_dfs_microsoft_host": null,
            "secondary_file_endpoint": null,
            "secondary_file_host": null,
            "secondary_file_internet_endpoint": null,
            "secondary_file_internet_host": null,
            "secondary_file_microsoft_endpoint": null,
            "secondary_file_microsoft_host": null,
            "secondary_location": "westus",
            "secondary_queue_endpoint": null,
            "secondary_queue_host": null,
            "secondary_queue_microsoft_endpoint": null,
            "secondary_queue_microsoft_host": null,
            "secondary_table_endpoint": null,
            "secondary_table_host": null,
            "secondary_table_microsoft_endpoint": null,
            "secondary_table_microsoft_host": null,
            "secondary_web_endpoint": null,
            "secondary_web_host": null,
            "secondary_web_internet_endpoint": null,
            "secondary_web_internet_host": null,
            "secondary_web_microsoft_endpoint": null,
            "secondary_web_microsoft_host": null,
            "sftp_enabled": false,
            "share_properties": [
              {
                "cors_rule": [],
                "retention_policy": [
                  {
                    "days": 7
                  }
                ],
                "smb": []
              }
            ],
            "shared_access_key_enabled": true,
            "static_website": [],
            "table_encryption_key_type": "Service",
            "tags": {
              "Environment": "development"
            },
            "timeouts": null
          },
          "sensitive_attributes": [
            [
              {
                "type": "get_attr",
                "value": "primary_connection_string"
              }
            ],
            [
              {
                "type": "get_attr",
                "value": "primary_blob_connection_string"
              }
            ],
            [
              {
                "type": "get_attr",
                "value": "secondary_blob_connection_string"
              }
            ],
            [
              {
                "type": "get_attr",
                "value": "secondary_access_key"
              }
            ],
            [
              {
                "type": "get_attr",
                "value": "primary_access_key"
              }
            ],
            [
              {
                "type": "get_attr",
                "value": "secondary_connection_string"
              }
            ]
          ],
          "private": "eyJlMmJmYjczMC1lY2FhLTExZTYtOGY4OC0zNDM2M2JjN2M0YzAiOnsiY3JlYXRlIjozNjAwMDAwMDAwMDAwLCJkZWxldGUiOjM2MDAwMDAwMDAwMDAsInJlYWQiOjMwMDAwMDAwMDAwMCwidXBkYXRlIjozNjAwMDAwMDAwMDAwfSwic2NoZW1hX3ZlcnNpb24iOiI0In0="
        }
      ]
    },
    {
      "mode": "managed",
      "type": "azurerm_user_assigned_identity",
      "name": "aabeck01",
      "provider": "provider[\"registry.terraform.io/hashicorp/azurerm\"]",
      "instances": [
        {
          "schema_version": 1,
          "attributes": {
            "client_id": "ddff3413-2ea3-4e70-baf8-7d199b45f545",
            "id": "/subscriptions/785c6b64-6eaf-4b4b-9b4b-4be23d6b412f/resourceGroups/aabeckAzureIA/providers/Microsoft.ManagedIdentity/userAssignedIdentities/aabeck-identity",
            "location": "eastus",
            "name": "aabeck-identity",
            "principal_id": "5b48aac6-e9d6-456e-8ada-61b182f340c8",
            "resource_group_name": "aabeckAzureIA",
            "tags": null,
            "tenant_id": "78292741-a832-459a-ac25-8e896e24a86c",
            "timeouts": null
          },
          "sensitive_attributes": [],
          "private": "eyJlMmJmYjczMC1lY2FhLTExZTYtOGY4OC0zNDM2M2JjN2M0YzAiOnsiY3JlYXRlIjoxODAwMDAwMDAwMDAwLCJkZWxldGUiOjE4MDAwMDAwMDAwMDAsInJlYWQiOjMwMDAwMDAwMDAwMCwidXBkYXRlIjoxODAwMDAwMDAwMDAwfSwic2NoZW1hX3ZlcnNpb24iOiIxIn0="
        }
      ]
    }
  ],
  "check_results": null
}
